Microsoft Visual Studio Solution File, Format Version 12.00
# Visual Studio Version 17
VisualStudioVersion = 17.5.2.0
MinimumVisualStudioVersion = 10.0.40219.1
Project("{FAE04EC0-301F-11D3-BF4B-00C04F79EFBC}") = "padaria", "padaria\padaria.csproj", "{49615DCE-6B06-62E1-7BE5-27EF6438EE94}"
EndProject
Global
	GlobalSection(SolutionConfigurationPlatforms) = preSolution
		Debug|Any CPU = Debug|Any CPU
		Release|Any CPU = Release|Any CPU
	EndGlobalSection
	GlobalSection(ProjectConfigurationPlatforms) = postSolution
		{49615DCE-6B06-62E1-7BE5-27EF6438EE94}.Debug|Any CPU.ActiveCfg = Debug|Any CPU
		{49615DCE-6B06-62E1-7BE5-27EF6438EE94}.Debug|Any CPU.Build.0 = Debug|Any CPU
		{49615DCE-6B06-62E1-7BE5-27EF6438EE94}.Release|Any CPU.ActiveCfg = Release|Any CPU
		{49615DCE-6B06-62E1-7BE5-27EF6438EE94}.Release|Any CPU.Build.0 = Release|Any CPU
	EndGlobalSection
	GlobalSection(SolutionProperties) = preSolution
		HideSolutionNode = FALSE
	EndGlobalSection
	GlobalSection(ExtensibilityGlobals) = postSolution
		SolutionGuid = {63329564-3C64-4B2A-AFBD-6DE8ECF93241}
	EndGlobalSection
EndGlobal
